
Microsoft Visual Studio Solution File, Format Version 12.00
# Visual Studio Version 16
VisualStudioVersion = 16.0.30709.64
MinimumVisualStudioVersion = 15.0.26124.0
Project("{2150E333-8FDC-42A3-9474-1A3956D46DE8}") = "src", "src", "{E46AA4D7-736B-46D2-80BA-30A5A6FB2FD0}"
EndProject
Project("{2150E333-8FDC-42A3-9474-1A3956D46DE8}") = "tests", "tests", "{3C4D2817-BEF8-410D-89F4-DE685E1DB3D0}"
EndProject
Project("{9A19103F-16F7-4668-BE54-9A1E7A4F7556}") = "Kaponata.Android", "Kaponata.Android\Kaponata.Android.csproj", "{FD5708A5-6CDF-411E-94AC-CCC773883EEA}"
EndProject
Project("{9A19103F-16F7-4668-BE54-9A1E7A4F7556}") = "Kaponata.Android.Tests", "Kaponata.Android.Tests\Kaponata.Android.Tests.csproj", "{28C307D7-B150-4100-8121-2DF95F9B70C7}"
EndProject
Project("{9A19103F-16F7-4668-BE54-9A1E7A4F7556}") = "Kaponata.iOS", "Kaponata.iOS\Kaponata.iOS.csproj", "{D923C0BC-3F5B-463E-836D-430314EB6BFB}"
EndProject
Project("{9A19103F-16F7-4668-BE54-9A1E7A4F7556}") = "Kaponata.iOS.Tests", "Kaponata.iOS.Tests\Kaponata.iOS.Tests.csproj", "{BC95FA81-5A53-4DA5-B5A9-9AECE881F9AF}"
EndProject
Project("{9A19103F-16F7-4668-BE54-9A1E7A4F7556}") = "Kaponata.Operator", "Kaponata.Operator\Kaponata.Operator.csproj", "{24995F8D-5E4F-4B74-BEB3-D11AB2266875}"
EndProject
Project("{9A19103F-16F7-4668-BE54-9A1E7A4F7556}") = "Kaponata.Operator.Tests", "Kaponata.Operator.Tests\Kaponata.Operator.Tests.csproj", "{1A33758D-9B24-4014-98A2-1704E553A1C9}"
EndProject
Project("{9A19103F-16F7-4668-BE54-9A1E7A4F7556}") = "Kaponata.Chart.Tests", "Kaponata.Chart.Tests\Kaponata.Chart.Tests.csproj", "{C90977C9-1371-4D1A-B864-34CCFDFBDF0E}"
EndProject
Project("{9A19103F-16F7-4668-BE54-9A1E7A4F7556}") = "Kaponata.Api", "Kaponata.Api\Kaponata.Api.csproj", "{A8FC63C6-FD92-4C81-AFC4-7F6B34B84EAF}"
EndProject
Project("{9A19103F-16F7-4668-BE54-9A1E7A4F7556}") = "Kaponata.Api.Tests", "Kaponata.Api.Tests\Kaponata.Api.Tests.csproj", "{047963A8-6AB6-4D9C-9BFE-5F9B68C4C33D}"
EndProject
Project("{9A19103F-16F7-4668-BE54-9A1E7A4F7556}") = "Kaponata.Kubernetes", "Kaponata.Kubernetes\Kaponata.Kubernetes.csproj", "{E36E9F58-18DE-4F48-869E-A1CA318D467C}"
EndProject
Project("{9A19103F-16F7-4668-BE54-9A1E7A4F7556}") = "Kaponata.Kubernetes.Tests", "Kaponata.Kubernetes.Tests\Kaponata.Kubernetes.Tests.csproj", "{13F56EC8-811D-4E26-A72E-DB5DCC17AA7E}"
EndProject
Project("{9A19103F-16F7-4668-BE54-9A1E7A4F7556}") = "Kaponata.Multimedia", "Kaponata.Multimedia\Kaponata.Multimedia.csproj", "{0648AAC2-6B75-491D-B12E-2A891DD6912C}"
EndProject
Project("{9A19103F-16F7-4668-BE54-9A1E7A4F7556}") = "Kaponata.Multimedia.Tests", "Kaponata.Multimedia.Tests\Kaponata.Multimedia.Tests.csproj", "{D0C399C8-2CF9-4912-823A-A27B30CC8FF8}"
EndProject
Project("{9A19103F-16F7-4668-BE54-9A1E7A4F7556}") = "Kaponata.Sidecars", "Kaponata.Sidecars\Kaponata.Sidecars.csproj", "{71FB6509-B223-4A39-8077-59B1047DE0CA}"
EndProject
Project("{9A19103F-16F7-4668-BE54-9A1E7A4F7556}") = "Kaponata.Sidecars.Tests", "Kaponata.Sidecars.Tests\Kaponata.Sidecars.Tests.csproj", "{65F69F4B-9F5B-4FF8-8F5E-D0F9F519D9D6}"
EndProject
Project("{9A19103F-16F7-4668-BE54-9A1E7A4F7556}") = "Kaponata.FileFormats", "Kaponata.FileFormats\Kaponata.FileFormats.csproj", "{C3034652-1302-4FD9-8FE1-95D380E7F241}"
EndProject
Project("{9A19103F-16F7-4668-BE54-9A1E7A4F7556}") = "Kaponata.FileFormats.Tests", "Kaponata.FileFormats.Tests\Kaponata.FileFormats.Tests.csproj", "{6FFA2E78-45BC-41A7-8018-CC6E0F53F174}"
EndProject
Project("{9A19103F-16F7-4668-BE54-9A1E7A4F7556}") = "Kaponata.TurboJpeg.Tests", "Kaponata.TurboJpeg.Tests\Kaponata.TurboJpeg.Tests.csproj", "{37C1DF54-D30F-4C7D-9912-13FF3415E54D}"
EndProject
Project("{9A19103F-16F7-4668-BE54-9A1E7A4F7556}") = "Kaponata.TurboJpeg", "Kaponata.TurboJpeg\Kaponata.TurboJpeg.csproj", "{4BB97D15-A3B0-4E95-8825-67CD59EA38F7}"
EndProject
Global
	GlobalSection(SolutionConfigurationPlatforms) = preSolution
		Debug|Any CPU = Debug|Any CPU
		Debug|x64 = Debug|x64
		Debug|x86 = Debug|x86
		Release|Any CPU = Release|Any CPU
		Release|x64 = Release|x64
		Release|x86 = Release|x86
	EndGlobalSection
	GlobalSection(ProjectConfigurationPlatforms) = postSolution
		{FD5708A5-6CDF-411E-94AC-CCC773883EEA}.Debug|Any CPU.ActiveCfg = Debug|Any CPU
		{FD5708A5-6CDF-411E-94AC-CCC773883EEA}.Debug|Any CPU.Build.0 = Debug|Any CPU
		{FD5708A5-6CDF-411E-94AC-CCC773883EEA}.Debug|x64.ActiveCfg = Debug|Any CPU
		{FD5708A5-6CDF-411E-94AC-CCC773883EEA}.Debug|x64.Build.0 = Debug|Any CPU
		{FD5708A5-6CDF-411E-94AC-CCC773883EEA}.Debug|x86.ActiveCfg = Debug|Any CPU
		{FD5708A5-6CDF-411E-94AC-CCC773883EEA}.Debug|x86.Build.0 = Debug|Any CPU
		{FD5708A5-6CDF-411E-94AC-CCC773883EEA}.Release|Any CPU.ActiveCfg = Release|Any CPU
		{FD5708A5-6CDF-411E-94AC-CCC773883EEA}.Release|Any CPU.Build.0 = Release|Any CPU
		{FD5708A5-6CDF-411E-94AC-CCC773883EEA}.Release|x64.ActiveCfg = Release|Any CPU
		{FD5708A5-6CDF-411E-94AC-CCC773883EEA}.Release|x64.Build.0 = Release|Any CPU
		{FD5708A5-6CDF-411E-94AC-CCC773883EEA}.Release|x86.ActiveCfg = Release|Any CPU
		{FD5708A5-6CDF-411E-94AC-CCC773883EEA}.Release|x86.Build.0 = Release|Any CPU
		{28C307D7-B150-4100-8121-2DF95F9B70C7}.Debug|Any CPU.ActiveCfg = Debug|Any CPU
		{28C307D7-B150-4100-8121-2DF95F9B70C7}.Debug|Any CPU.Build.0 = Debug|Any CPU
		{28C307D7-B150-4100-8121-2DF95F9B70C7}.Debug|x64.ActiveCfg = Debug|Any CPU
		{28C307D7-B150-4100-8121-2DF95F9B70C7}.Debug|x64.Build.0 = Debug|Any CPU
		{28C307D7-B150-4100-8121-2DF95F9B70C7}.Debug|x86.ActiveCfg = Debug|Any CPU
		{28C307D7-B150-4100-8121-2DF95F9B70C7}.Debug|x86.Build.0 = Debug|Any CPU
		{28C307D7-B150-4100-8121-2DF95F9B70C7}.Release|Any CPU.ActiveCfg = Release|Any CPU
		{28C307D7-B150-4100-8121-2DF95F9B70C7}.Release|Any CPU.Build.0 = Release|Any CPU
		{28C307D7-B150-4100-8121-2DF95F9B70C7}.Release|x64.ActiveCfg = Release|Any CPU
		{28C307D7-B150-4100-8121-2DF95F9B70C7}.Release|x64.Build.0 = Release|Any CPU
		{28C307D7-B150-4100-8121-2DF95F9B70C7}.Release|x86.ActiveCfg = Release|Any CPU
		{28C307D7-B150-4100-8121-2DF95F9B70C7}.Release|x86.Build.0 = Release|Any CPU
		{D923C0BC-3F5B-463E-836D-430314EB6BFB}.Debug|Any CPU.ActiveCfg = Debug|Any CPU
		{D923C0BC-3F5B-463E-836D-430314EB6BFB}.Debug|Any CPU.Build.0 = Debug|Any CPU
		{D923C0BC-3F5B-463E-836D-430314EB6BFB}.Debug|x64.ActiveCfg = Debug|Any CPU
		{D923C0BC-3F5B-463E-836D-430314EB6BFB}.Debug|x64.Build.0 = Debug|Any CPU
		{D923C0BC-3F5B-463E-836D-430314EB6BFB}.Debug|x86.ActiveCfg = Debug|Any CPU
		{D923C0BC-3F5B-463E-836D-430314EB6BFB}.Debug|x86.Build.0 = Debug|Any CPU
		{D923C0BC-3F5B-463E-836D-430314EB6BFB}.Release|Any CPU.ActiveCfg = Release|Any CPU
		{D923C0BC-3F5B-463E-836D-430314EB6BFB}.Release|Any CPU.Build.0 = Release|Any CPU
		{D923C0BC-3F5B-463E-836D-430314EB6BFB}.Release|x64.ActiveCfg = Release|Any CPU
		{D923C0BC-3F5B-463E-836D-430314EB6BFB}.Release|x64.Build.0 = Release|Any CPU
		{D923C0BC-3F5B-463E-836D-430314EB6BFB}.Release|x86.ActiveCfg = Release|Any CPU
		{D923C0BC-3F5B-463E-836D-430314EB6BFB}.Release|x86.Build.0 = Release|Any CPU
		{BC95FA81-5A53-4DA5-B5A9-9AECE881F9AF}.Debug|Any CPU.ActiveCfg = Debug|Any CPU
		{BC95FA81-5A53-4DA5-B5A9-9AECE881F9AF}.Debug|Any CPU.Build.0 = Debug|Any CPU
		{BC95FA81-5A53-4DA5-B5A9-9AECE881F9AF}.Debug|x64.ActiveCfg = Debug|Any CPU
		{BC95FA81-5A53-4DA5-B5A9-9AECE881F9AF}.Debug|x64.Build.0 = Debug|Any CPU
		{BC95FA81-5A53-4DA5-B5A9-9AECE881F9AF}.Debug|x86.ActiveCfg = Debug|Any CPU
		{BC95FA81-5A53-4DA5-B5A9-9AECE881F9AF}.Debug|x86.Build.0 = Debug|Any CPU
		{BC95FA81-5A53-4DA5-B5A9-9AECE881F9AF}.Release|Any CPU.ActiveCfg = Release|Any CPU
		{BC95FA81-5A53-4DA5-B5A9-9AECE881F9AF}.Release|Any CPU.Build.0 = Release|Any CPU
		{BC95FA81-5A53-4DA5-B5A9-9AECE881F9AF}.Release|x64.ActiveCfg = Release|Any CPU
		{BC95FA81-5A53-4DA5-B5A9-9AECE881F9AF}.Release|x64.Build.0 = Release|Any CPU
		{BC95FA81-5A53-4DA5-B5A9-9AECE881F9AF}.Release|x86.ActiveCfg = Release|Any CPU
		{BC95FA81-5A53-4DA5-B5A9-9AECE881F9AF}.Release|x86.Build.0 = Release|Any CPU
		{24995F8D-5E4F-4B74-BEB3-D11AB2266875}.Debug|Any CPU.ActiveCfg = Debug|Any CPU
		{24995F8D-5E4F-4B74-BEB3-D11AB2266875}.Debug|Any CPU.Build.0 = Debug|Any CPU
		{24995F8D-5E4F-4B74-BEB3-D11AB2266875}.Debug|x64.ActiveCfg = Debug|Any CPU
		{24995F8D-5E4F-4B74-BEB3-D11AB2266875}.Debug|x64.Build.0 = Debug|Any CPU
		{24995F8D-5E4F-4B74-BEB3-D11AB2266875}.Debug|x86.ActiveCfg = Debug|Any CPU
		{24995F8D-5E4F-4B74-BEB3-D11AB2266875}.Debug|x86.Build.0 = Debug|Any CPU
		{24995F8D-5E4F-4B74-BEB3-D11AB2266875}.Release|Any CPU.ActiveCfg = Release|Any CPU
		{24995F8D-5E4F-4B74-BEB3-D11AB2266875}.Release|Any CPU.Build.0 = Release|Any CPU
		{24995F8D-5E4F-4B74-BEB3-D11AB2266875}.Release|x64.ActiveCfg = Release|Any CPU
		{24995F8D-5E4F-4B74-BEB3-D11AB2266875}.Release|x64.Build.0 = Release|Any CPU
		{24995F8D-5E4F-4B74-BEB3-D11AB2266875}.Release|x86.ActiveCfg = Release|Any CPU
		{24995F8D-5E4F-4B74-BEB3-D11AB2266875}.Release|x86.Build.0 = Release|Any CPU
		{1A33758D-9B24-4014-98A2-1704E553A1C9}.Debug|Any CPU.ActiveCfg = Debug|Any CPU
		{1A33758D-9B24-4014-98A2-1704E553A1C9}.Debug|Any CPU.Build.0 = Debug|Any CPU
		{1A33758D-9B24-4014-98A2-1704E553A1C9}.Debug|x64.ActiveCfg = Debug|Any CPU
		{1A33758D-9B24-4014-98A2-1704E553A1C9}.Debug|x64.Build.0 = Debug|Any CPU
		{1A33758D-9B24-4014-98A2-1704E553A1C9}.Debug|x86.ActiveCfg = Debug|Any CPU
		{1A33758D-9B24-4014-98A2-1704E553A1C9}.Debug|x86.Build.0 = Debug|Any CPU
		{1A33758D-9B24-4014-98A2-1704E553A1C9}.Release|Any CPU.ActiveCfg = Release|Any CPU
		{1A33758D-9B24-4014-98A2-1704E553A1C9}.Release|Any CPU.Build.0 = Release|Any CPU
		{1A33758D-9B24-4014-98A2-1704E553A1C9}.Release|x64.ActiveCfg = Release|Any CPU
		{1A33758D-9B24-4014-98A2-1704E553A1C9}.Release|x64.Build.0 = Release|Any CPU
		{1A33758D-9B24-4014-98A2-1704E553A1C9}.Release|x86.ActiveCfg = Release|Any CPU
		{1A33758D-9B24-4014-98A2-1704E553A1C9}.Release|x86.Build.0 = Release|Any CPU
		{C90977C9-1371-4D1A-B864-34CCFDFBDF0E}.Debug|Any CPU.ActiveCfg = Debug|Any CPU
		{C90977C9-1371-4D1A-B864-34CCFDFBDF0E}.Debug|Any CPU.Build.0 = Debug|Any CPU
		{C90977C9-1371-4D1A-B864-34CCFDFBDF0E}.Debug|x64.ActiveCfg = Debug|Any CPU
		{C90977C9-1371-4D1A-B864-34CCFDFBDF0E}.Debug|x64.Build.0 = Debug|Any CPU
		{C90977C9-1371-4D1A-B864-34CCFDFBDF0E}.Debug|x86.ActiveCfg = Debug|Any CPU
		{C90977C9-1371-4D1A-B864-34CCFDFBDF0E}.Debug|x86.Build.0 = Debug|Any CPU
		{C90977C9-1371-4D1A-B864-34CCFDFBDF0E}.Release|Any CPU.ActiveCfg = Release|Any CPU
		{C90977C9-1371-4D1A-B864-34CCFDFBDF0E}.Release|Any CPU.Build.0 = Release|Any CPU
		{C90977C9-1371-4D1A-B864-34CCFDFBDF0E}.Release|x64.ActiveCfg = Release|Any CPU
		{C90977C9-1371-4D1A-B864-34CCFDFBDF0E}.Release|x64.Build.0 = Release|Any CPU
		{C90977C9-1371-4D1A-B864-34CCFDFBDF0E}.Release|x86.ActiveCfg = Release|Any CPU
		{C90977C9-1371-4D1A-B864-34CCFDFBDF0E}.Release|x86.Build.0 = Release|Any CPU
		{A8FC63C6-FD92-4C81-AFC4-7F6B34B84EAF}.Debug|Any CPU.ActiveCfg = Debug|Any CPU
		{A8FC63C6-FD92-4C81-AFC4-7F6B34B84EAF}.Debug|Any CPU.Build.0 = Debug|Any CPU
		{A8FC63C6-FD92-4C81-AFC4-7F6B34B84EAF}.Debug|x64.ActiveCfg = Debug|Any CPU
		{A8FC63C6-FD92-4C81-AFC4-7F6B34B84EAF}.Debug|x64.Build.0 = Debug|Any CPU
		{A8FC63C6-FD92-4C81-AFC4-7F6B34B84EAF}.Debug|x86.ActiveCfg = Debug|Any CPU
		{A8FC63C6-FD92-4C81-AFC4-7F6B34B84EAF}.Debug|x86.Build.0 = Debug|Any CPU
		{A8FC63C6-FD92-4C81-AFC4-7F6B34B84EAF}.Release|Any CPU.ActiveCfg = Release|Any CPU
		{A8FC63C6-FD92-4C81-AFC4-7F6B34B84EAF}.Release|Any CPU.Build.0 = Release|Any CPU
		{A8FC63C6-FD92-4C81-AFC4-7F6B34B84EAF}.Release|x64.ActiveCfg = Release|Any CPU
		{A8FC63C6-FD92-4C81-AFC4-7F6B34B84EAF}.Release|x64.Build.0 = Release|Any CPU
		{A8FC63C6-FD92-4C81-AFC4-7F6B34B84EAF}.Release|x86.ActiveCfg = Release|Any CPU
		{A8FC63C6-FD92-4C81-AFC4-7F6B34B84EAF}.Release|x86.Build.0 = Release|Any CPU
		{047963A8-6AB6-4D9C-9BFE-5F9B68C4C33D}.Debug|Any CPU.ActiveCfg = Debug|Any CPU
		{047963A8-6AB6-4D9C-9BFE-5F9B68C4C33D}.Debug|Any CPU.Build.0 = Debug|Any CPU
		{047963A8-6AB6-4D9C-9BFE-5F9B68C4C33D}.Debug|x64.ActiveCfg = Debug|Any CPU
		{047963A8-6AB6-4D9C-9BFE-5F9B68C4C33D}.Debug|x64.Build.0 = Debug|Any CPU
		{047963A8-6AB6-4D9C-9BFE-5F9B68C4C33D}.Debug|x86.ActiveCfg = Debug|Any CPU
		{047963A8-6AB6-4D9C-9BFE-5F9B68C4C33D}.Debug|x86.Build.0 = Debug|Any CPU
		{047963A8-6AB6-4D9C-9BFE-5F9B68C4C33D}.Release|Any CPU.ActiveCfg = Release|Any CPU
		{047963A8-6AB6-4D9C-9BFE-5F9B68C4C33D}.Release|Any CPU.Build.0 = Release|Any CPU
		{047963A8-6AB6-4D9C-9BFE-5F9B68C4C33D}.Release|x64.ActiveCfg = Release|Any CPU
		{047963A8-6AB6-4D9C-9BFE-5F9B68C4C33D}.Release|x64.Build.0 = Release|Any CPU
		{047963A8-6AB6-4D9C-9BFE-5F9B68C4C33D}.Release|x86.ActiveCfg = Release|Any CPU
		{047963A8-6AB6-4D9C-9BFE-5F9B68C4C33D}.Release|x86.Build.0 = Release|Any CPU
		{E36E9F58-18DE-4F48-869E-A1CA318D467C}.Debug|Any CPU.ActiveCfg = Debug|Any CPU
		{E36E9F58-18DE-4F48-869E-A1CA318D467C}.Debug|Any CPU.Build.0 = Debug|Any CPU
		{E36E9F58-18DE-4F48-869E-A1CA318D467C}.Debug|x64.ActiveCfg = Debug|Any CPU
		{E36E9F58-18DE-4F48-869E-A1CA318D467C}.Debug|x64.Build.0 = Debug|Any CPU
		{E36E9F58-18DE-4F48-869E-A1CA318D467C}.Debug|x86.ActiveCfg = Debug|Any CPU
		{E36E9F58-18DE-4F48-869E-A1CA318D467C}.Debug|x86.Build.0 = Debug|Any CPU
		{E36E9F58-18DE-4F48-869E-A1CA318D467C}.Release|Any CPU.ActiveCfg = Release|Any CPU
		{E36E9F58-18DE-4F48-869E-A1CA318D467C}.Release|Any CPU.Build.0 = Release|Any CPU
		{E36E9F58-18DE-4F48-869E-A1CA318D467C}.Release|x64.ActiveCfg = Release|Any CPU
		{E36E9F58-18DE-4F48-869E-A1CA318D467C}.Release|x64.Build.0 = Release|Any CPU
		{E36E9F58-18DE-4F48-869E-A1CA318D467C}.Release|x86.ActiveCfg = Release|Any CPU
		{E36E9F58-18DE-4F48-869E-A1CA318D467C}.Release|x86.Build.0 = Release|Any CPU
		{13F56EC8-811D-4E26-A72E-DB5DCC17AA7E}.Debug|Any CPU.ActiveCfg = Debug|Any CPU
		{13F56EC8-811D-4E26-A72E-DB5DCC17AA7E}.Debug|Any CPU.Build.0 = Debug|Any CPU
		{13F56EC8-811D-4E26-A72E-DB5DCC17AA7E}.Debug|x64.ActiveCfg = Debug|Any CPU
		{13F56EC8-811D-4E26-A72E-DB5DCC17AA7E}.Debug|x64.Build.0 = Debug|Any CPU
		{13F56EC8-811D-4E26-A72E-DB5DCC17AA7E}.Debug|x86.ActiveCfg = Debug|Any CPU
		{13F56EC8-811D-4E26-A72E-DB5DCC17AA7E}.Debug|x86.Build.0 = Debug|Any CPU
		{13F56EC8-811D-4E26-A72E-DB5DCC17AA7E}.Release|Any CPU.ActiveCfg = Release|Any CPU
		{13F56EC8-811D-4E26-A72E-DB5DCC17AA7E}.Release|Any CPU.Build.0 = Release|Any CPU
		{13F56EC8-811D-4E26-A72E-DB5DCC17AA7E}.Release|x64.ActiveCfg = Release|Any CPU
		{13F56EC8-811D-4E26-A72E-DB5DCC17AA7E}.Release|x64.Build.0 = Release|Any CPU
		{13F56EC8-811D-4E26-A72E-DB5DCC17AA7E}.Release|x86.ActiveCfg = Release|Any CPU
		{13F56EC8-811D-4E26-A72E-DB5DCC17AA7E}.Release|x86.Build.0 = Release|Any CPU
		{0648AAC2-6B75-491D-B12E-2A891DD6912C}.Debug|Any CPU.ActiveCfg = Debug|Any CPU
		{0648AAC2-6B75-491D-B12E-2A891DD6912C}.Debug|Any CPU.Build.0 = Debug|Any CPU
		{0648AAC2-6B75-491D-B12E-2A891DD6912C}.Debug|x64.ActiveCfg = Debug|Any CPU
		{0648AAC2-6B75-491D-B12E-2A891DD6912C}.Debug|x64.Build.0 = Debug|Any CPU
		{0648AAC2-6B75-491D-B12E-2A891DD6912C}.Debug|x86.ActiveCfg = Debug|Any CPU
		{0648AAC2-6B75-491D-B12E-2A891DD6912C}.Debug|x86.Build.0 = Debug|Any CPU
		{0648AAC2-6B75-491D-B12E-2A891DD6912C}.Release|Any CPU.ActiveCfg = Release|Any CPU
		{0648AAC2-6B75-491D-B12E-2A891DD6912C}.Release|Any CPU.Build.0 = Release|Any CPU
		{0648AAC2-6B75-491D-B12E-2A891DD6912C}.Release|x64.ActiveCfg = Release|Any CPU
		{0648AAC2-6B75-491D-B12E-2A891DD6912C}.Release|x64.Build.0 = Release|Any CPU
		{0648AAC2-6B75-491D-B12E-2A891DD6912C}.Release|x86.ActiveCfg = Release|Any CPU
		{0648AAC2-6B75-491D-B12E-2A891DD6912C}.Release|x86.Build.0 = Release|Any CPU
		{D0C399C8-2CF9-4912-823A-A27B30CC8FF8}.Debug|Any CPU.ActiveCfg = Debug|Any CPU
		{D0C399C8-2CF9-4912-823A-A27B30CC8FF8}.Debug|Any CPU.Build.0 = Debug|Any CPU
		{D0C399C8-2CF9-4912-823A-A27B30CC8FF8}.Debug|x64.ActiveCfg = Debug|Any CPU
		{D0C399C8-2CF9-4912-823A-A27B30CC8FF8}.Debug|x64.Build.0 = Debug|Any CPU
		{D0C399C8-2CF9-4912-823A-A27B30CC8FF8}.Debug|x86.ActiveCfg = Debug|Any CPU
		{D0C399C8-2CF9-4912-823A-A27B30CC8FF8}.Debug|x86.Build.0 = Debug|Any CPU
		{D0C399C8-2CF9-4912-823A-A27B30CC8FF8}.Release|Any CPU.ActiveCfg = Release|Any CPU
		{D0C399C8-2CF9-4912-823A-A27B30CC8FF8}.Release|Any CPU.Build.0 = Release|Any CPU
		{D0C399C8-2CF9-4912-823A-A27B30CC8FF8}.Release|x64.ActiveCfg = Release|Any CPU
		{D0C399C8-2CF9-4912-823A-A27B30CC8FF8}.Release|x64.Build.0 = Release|Any CPU
		{D0C399C8-2CF9-4912-823A-A27B30CC8FF8}.Release|x86.ActiveCfg = Release|Any CPU
		{D0C399C8-2CF9-4912-823A-A27B30CC8FF8}.Release|x86.Build.0 = Release|Any CPU
		{71FB6509-B223-4A39-8077-59B1047DE0CA}.Debug|Any CPU.ActiveCfg = Debug|Any CPU
		{71FB6509-B223-4A39-8077-59B1047DE0CA}.Debug|Any CPU.Build.0 = Debug|Any CPU
		{71FB6509-B223-4A39-8077-59B1047DE0CA}.Debug|x64.ActiveCfg = Debug|Any CPU
		{71FB6509-B223-4A39-8077-59B1047DE0CA}.Debug|x64.Build.0 = Debug|Any CPU
		{71FB6509-B223-4A39-8077-59B1047DE0CA}.Debug|x86.ActiveCfg = Debug|Any CPU
		{71FB6509-B223-4A39-8077-59B1047DE0CA}.Debug|x86.Build.0 = Debug|Any CPU
		{71FB6509-B223-4A39-8077-59B1047DE0CA}.Release|Any CPU.ActiveCfg = Release|Any CPU
		{71FB6509-B223-4A39-8077-59B1047DE0CA}.Release|Any CPU.Build.0 = Release|Any CPU
		{71FB6509-B223-4A39-8077-59B1047DE0CA}.Release|x64.ActiveCfg = Release|Any CPU
		{71FB6509-B223-4A39-8077-59B1047DE0CA}.Release|x64.Build.0 = Release|Any CPU
		{71FB6509-B223-4A39-8077-59B1047DE0CA}.Release|x86.ActiveCfg = Release|Any CPU
		{71FB6509-B223-4A39-8077-59B1047DE0CA}.Release|x86.Build.0 = Release|Any CPU
		{65F69F4B-9F5B-4FF8-8F5E-D0F9F519D9D6}.Debug|Any CPU.ActiveCfg = Debug|Any CPU
		{65F69F4B-9F5B-4FF8-8F5E-D0F9F519D9D6}.Debug|Any CPU.Build.0 = Debug|Any CPU
		{65F69F4B-9F5B-4FF8-8F5E-D0F9F519D9D6}.Debug|x64.ActiveCfg = Debug|Any CPU
		{65F69F4B-9F5B-4FF8-8F5E-D0F9F519D9D6}.Debug|x64.Build.0 = Debug|Any CPU
		{65F69F4B-9F5B-4FF8-8F5E-D0F9F519D9D6}.Debug|x86.ActiveCfg = Debug|Any CPU
		{65F69F4B-9F5B-4FF8-8F5E-D0F9F519D9D6}.Debug|x86.Build.0 = Debug|Any CPU
		{65F69F4B-9F5B-4FF8-8F5E-D0F9F519D9D6}.Release|Any CPU.ActiveCfg = Release|Any CPU
		{65F69F4B-9F5B-4FF8-8F5E-D0F9F519D9D6}.Release|Any CPU.Build.0 = Release|Any CPU
		{65F69F4B-9F5B-4FF8-8F5E-D0F9F519D9D6}.Release|x64.ActiveCfg = Release|Any CPU
		{65F69F4B-9F5B-4FF8-8F5E-D0F9F519D9D6}.Release|x64.Build.0 = Release|Any CPU
		{65F69F4B-9F5B-4FF8-8F5E-D0F9F519D9D6}.Release|x86.ActiveCfg = Release|Any CPU
		{65F69F4B-9F5B-4FF8-8F5E-D0F9F519D9D6}.Release|x86.Build.0 = Release|Any CPU
		{C3034652-1302-4FD9-8FE1-95D380E7F241}.Debug|Any CPU.ActiveCfg = Debug|Any CPU
		{C3034652-1302-4FD9-8FE1-95D380E7F241}.Debug|Any CPU.Build.0 = Debug|Any CPU
		{C3034652-1302-4FD9-8FE1-95D380E7F241}.Debug|x64.ActiveCfg = Debug|Any CPU
		{C3034652-1302-4FD9-8FE1-95D380E7F241}.Debug|x64.Build.0 = Debug|Any CPU
		{C3034652-1302-4FD9-8FE1-95D380E7F241}.Debug|x86.ActiveCfg = Debug|Any CPU
		{C3034652-1302-4FD9-8FE1-95D380E7F241}.Debug|x86.Build.0 = Debug|Any CPU
		{C3034652-1302-4FD9-8FE1-95D380E7F241}.Release|Any CPU.ActiveCfg = Release|Any CPU
		{C3034652-1302-4FD9-8FE1-95D380E7F241}.Release|Any CPU.Build.0 = Release|Any CPU
		{C3034652-1302-4FD9-8FE1-95D380E7F241}.Release|x64.ActiveCfg = Release|Any CPU
		{C3034652-1302-4FD9-8FE1-95D380E7F241}.Release|x64.Build.0 = Release|Any CPU
		{C3034652-1302-4FD9-8FE1-95D380E7F241}.Release|x86.ActiveCfg = Release|Any CPU
		{C3034652-1302-4FD9-8FE1-95D380E7F241}.Release|x86.Build.0 = Release|Any CPU
		{6FFA2E78-45BC-41A7-8018-CC6E0F53F174}.Debug|Any CPU.ActiveCfg = Debug|Any CPU
		{6FFA2E78-45BC-41A7-8018-CC6E0F53F174}.Debug|Any CPU.Build.0 = Debug|Any CPU
		{6FFA2E78-45BC-41A7-8018-CC6E0F53F174}.Debug|x64.ActiveCfg = Debug|Any CPU
		{6FFA2E78-45BC-41A7-8018-CC6E0F53F174}.Debug|x64.Build.0 = Debug|Any CPU
		{6FFA2E78-45BC-41A7-8018-CC6E0F53F174}.Debug|x86.ActiveCfg = Debug|Any CPU
		{6FFA2E78-45BC-41A7-8018-CC6E0F53F174}.Debug|x86.Build.0 = Debug|Any CPU
		{6FFA2E78-45BC-41A7-8018-CC6E0F53F174}.Release|Any CPU.ActiveCfg = Release|Any CPU
		{6FFA2E78-45BC-41A7-8018-CC6E0F53F174}.Release|Any CPU.Build.0 = Release|Any CPU
		{6FFA2E78-45BC-41A7-8018-CC6E0F53F174}.Release|x64.ActiveCfg = Release|Any CPU
		{6FFA2E78-45BC-41A7-8018-CC6E0F53F174}.Release|x64.Build.0 = Release|Any CPU
		{6FFA2E78-45BC-41A7-8018-CC6E0F53F174}.Release|x86.ActiveCfg = Release|Any CPU
		{6FFA2E78-45BC-41A7-8018-CC6E0F53F174}.Release|x86.Build.0 = Release|Any CPU
		{37C1DF54-D30F-4C7D-9912-13FF3415E54D}.Debug|Any CPU.ActiveCfg = Debug|Any CPU
		{37C1DF54-D30F-4C7D-9912-13FF3415E54D}.Debug|Any CPU.Build.0 = Debug|Any CPU
		{37C1DF54-D30F-4C7D-9912-13FF3415E54D}.Debug|x64.ActiveCfg = Debug|Any CPU
		{37C1DF54-D30F-4C7D-9912-13FF3415E54D}.Debug|x64.Build.0 = Debug|Any CPU
		{37C1DF54-D30F-4C7D-9912-13FF3415E54D}.Debug|x86.ActiveCfg = Debug|Any CPU
		{37C1DF54-D30F-4C7D-9912-13FF3415E54D}.Debug|x86.Build.0 = Debug|Any CPU
		{37C1DF54-D30F-4C7D-9912-13FF3415E54D}.Release|Any CPU.ActiveCfg = Release|Any CPU
		{37C1DF54-D30F-4C7D-9912-13FF3415E54D}.Release|Any CPU.Build.0 = Release|Any CPU
		{37C1DF54-D30F-4C7D-9912-13FF3415E54D}.Release|x64.ActiveCfg = Release|Any CPU
		{37C1DF54-D30F-4C7D-9912-13FF3415E54D}.Release|x64.Build.0 = Release|Any CPU
		{37C1DF54-D30F-4C7D-9912-13FF3415E54D}.Release|x86.ActiveCfg = Release|Any CPU
		{37C1DF54-D30F-4C7D-9912-13FF3415E54D}.Release|x86.Build.0 = Release|Any CPU
		{4BB97D15-A3B0-4E95-8825-67CD59EA38F7}.Debug|Any CPU.ActiveCfg = Debug|Any CPU
		{4BB97D15-A3B0-4E95-8825-67CD59EA38F7}.Debug|Any CPU.Build.0 = Debug|Any CPU
		{4BB97D15-A3B0-4E95-8825-67CD59EA38F7}.Debug|x64.ActiveCfg = Debug|Any CPU
		{4BB97D15-A3B0-4E95-8825-67CD59EA38F7}.Debug|x64.Build.0 = Debug|Any CPU
		{4BB97D15-A3B0-4E95-8825-67CD59EA38F7}.Debug|x86.ActiveCfg = Debug|Any CPU
		{4BB97D15-A3B0-4E95-8825-67CD59EA38F7}.Debug|x86.Build.0 = Debug|Any CPU
		{4BB97D15-A3B0-4E95-8825-67CD59EA38F7}.Release|Any CPU.ActiveCfg = Release|Any CPU
		{4BB97D15-A3B0-4E95-8825-67CD59EA38F7}.Release|Any CPU.Build.0 = Release|Any CPU
		{4BB97D15-A3B0-4E95-8825-67CD59EA38F7}.Release|x64.ActiveCfg = Release|Any CPU
		{4BB97D15-A3B0-4E95-8825-67CD59EA38F7}.Release|x64.Build.0 = Release|Any CPU
		{4BB97D15-A3B0-4E95-8825-67CD59EA38F7}.Release|x86.ActiveCfg = Release|Any CPU
		{4BB97D15-A3B0-4E95-8825-67CD59EA38F7}.Release|x86.Build.0 = Release|Any CPU
	EndGlobalSection
	GlobalSection(SolutionProperties) = preSolution
		HideSolutionNode = FALSE
	EndGlobalSection
	GlobalSection(NestedProjects) = preSolution
		{FD5708A5-6CDF-411E-94AC-CCC773883EEA} = {E46AA4D7-736B-46D2-80BA-30A5A6FB2FD0}
		{28C307D7-B150-4100-8121-2DF95F9B70C7} = {3C4D2817-BEF8-410D-89F4-DE685E1DB3D0}
		{D923C0BC-3F5B-463E-836D-430314EB6BFB} = {E46AA4D7-736B-46D2-80BA-30A5A6FB2FD0}
		{BC95FA81-5A53-4DA5-B5A9-9AECE881F9AF} = {3C4D2817-BEF8-410D-89F4-DE685E1DB3D0}
		{24995F8D-5E4F-4B74-BEB3-D11AB2266875} = {E46AA4D7-736B-46D2-80BA-30A5A6FB2FD0}
		{1A33758D-9B24-4014-98A2-1704E553A1C9} = {3C4D2817-BEF8-410D-89F4-DE685E1DB3D0}
		{C90977C9-1371-4D1A-B864-34CCFDFBDF0E} = {3C4D2817-BEF8-410D-89F4-DE685E1DB3D0}
		{A8FC63C6-FD92-4C81-AFC4-7F6B34B84EAF} = {E46AA4D7-736B-46D2-80BA-30A5A6FB2FD0}
		{047963A8-6AB6-4D9C-9BFE-5F9B68C4C33D} = {3C4D2817-BEF8-410D-89F4-DE685E1DB3D0}
		{E36E9F58-18DE-4F48-869E-A1CA318D467C} = {E46AA4D7-736B-46D2-80BA-30A5A6FB2FD0}
		{13F56EC8-811D-4E26-A72E-DB5DCC17AA7E} = {3C4D2817-BEF8-410D-89F4-DE685E1DB3D0}
		{0648AAC2-6B75-491D-B12E-2A891DD6912C} = {E46AA4D7-736B-46D2-80BA-30A5A6FB2FD0}
		{D0C399C8-2CF9-4912-823A-A27B30CC8FF8} = {3C4D2817-BEF8-410D-89F4-DE685E1DB3D0}
		{71FB6509-B223-4A39-8077-59B1047DE0CA} = {E46AA4D7-736B-46D2-80BA-30A5A6FB2FD0}
		{65F69F4B-9F5B-4FF8-8F5E-D0F9F519D9D6} = {3C4D2817-BEF8-410D-89F4-DE685E1DB3D0}
		{C3034652-1302-4FD9-8FE1-95D380E7F241} = {E46AA4D7-736B-46D2-80BA-30A5A6FB2FD0}
		{6FFA2E78-45BC-41A7-8018-CC6E0F53F174} = {3C4D2817-BEF8-410D-89F4-DE685E1DB3D0}
		{37C1DF54-D30F-4C7D-9912-13FF3415E54D} = {3C4D2817-BEF8-410D-89F4-DE685E1DB3D0}
		{4BB97D15-A3B0-4E95-8825-67CD59EA38F7} = {E46AA4D7-736B-46D2-80BA-30A5A6FB2FD0}
	EndGlobalSection
	GlobalSection(ExtensibilityGlobals) = postSolution
		SolutionGuid = {734C5F7F-BA19-499C-B9F5-2C3E206557BC}
	EndGlobalSection
EndGlobal
