
Microsoft Visual Studio Solution File, Format Version 12.00
# Visual Studio Version 16
VisualStudioVersion = 16.0.30709.64
MinimumVisualStudioVersion = 15.0.26124.0
Project("{2150E333-8FDC-42A3-9474-1A3956D46DE8}") = "src", "src", "{E46AA4D7-736B-46D2-80BA-30A5A6FB2FD0}"
EndProject
Project("{2150E333-8FDC-42A3-9474-1A3956D46DE8}") = "tests", "tests", "{3C4D2817-BEF8-410D-89F4-DE685E1DB3D0}"
EndProject
Project("{9A19103F-16F7-4668-BE54-9A1E7A4F7556}") = "Kaponata.Android", "Kaponata.Android\Kaponata.Android.csproj", "{FD5708A5-6CDF-411E-94AC-CCC773883EEA}"
EndProject
Project("{9A19103F-16F7-4668-BE54-9A1E7A4F7556}") = "Kaponata.Android.Tests", "Kaponata.Android.Tests\Kaponata.Android.Tests.csproj", "{28C307D7-B150-4100-8121-2DF95F9B70C7}"
EndProject
Project("{9A19103F-16F7-4668-BE54-9A1E7A4F7556}") = "Kaponata.iOS", "Kaponata.iOS\Kaponata.iOS.csproj", "{D923C0BC-3F5B-463E-836D-430314EB6BFB}"
EndProject
Project("{9A19103F-16F7-4668-BE54-9A1E7A4F7556}") = "Kaponata.iOS.Tests", "Kaponata.iOS.Tests\Kaponata.iOS.Tests.csproj", "{BC95FA81-5A53-4DA5-B5A9-9AECE881F9AF}"
EndProject
Project("{9A19103F-16F7-4668-BE54-9A1E7A4F7556}") = "Kaponata.Operator", "Kaponata.Operator\Kaponata.Operator.csproj", "{24995F8D-5E4F-4B74-BEB3-D11AB2266875}"
EndProject
Project("{9A19103F-16F7-4668-BE54-9A1E7A4F7556}") = "Kaponata.Operator.Tests", "Kaponata.Operator.Tests\Kaponata.Operator.Tests.csproj", "{1A33758D-9B24-4014-98A2-1704E553A1C9}"
EndProject
Global
	GlobalSection(SolutionConfigurationPlatforms) = preSolution
		Debug|Any CPU = Debug|Any CPU
		Debug|x64 = Debug|x64
		Debug|x86 = Debug|x86
		Release|Any CPU = Release|Any CPU
		Release|x64 = Release|x64
		Release|x86 = Release|x86
	EndGlobalSection
	GlobalSection(ProjectConfigurationPlatforms) = postSolution
		{FD5708A5-6CDF-411E-94AC-CCC773883EEA}.Debug|Any CPU.ActiveCfg = Debug|Any CPU
		{FD5708A5-6CDF-411E-94AC-CCC773883EEA}.Debug|Any CPU.Build.0 = Debug|Any CPU
		{FD5708A5-6CDF-411E-94AC-CCC773883EEA}.Debug|x64.ActiveCfg = Debug|Any CPU
		{FD5708A5-6CDF-411E-94AC-CCC773883EEA}.Debug|x64.Build.0 = Debug|Any CPU
		{FD5708A5-6CDF-411E-94AC-CCC773883EEA}.Debug|x86.ActiveCfg = Debug|Any CPU
		{FD5708A5-6CDF-411E-94AC-CCC773883EEA}.Debug|x86.Build.0 = Debug|Any CPU
		{FD5708A5-6CDF-411E-94AC-CCC773883EEA}.Release|Any CPU.ActiveCfg = Release|Any CPU
		{FD5708A5-6CDF-411E-94AC-CCC773883EEA}.Release|Any CPU.Build.0 = Release|Any CPU
		{FD5708A5-6CDF-411E-94AC-CCC773883EEA}.Release|x64.ActiveCfg = Release|Any CPU
		{FD5708A5-6CDF-411E-94AC-CCC773883EEA}.Release|x64.Build.0 = Release|Any CPU
		{FD5708A5-6CDF-411E-94AC-CCC773883EEA}.Release|x86.ActiveCfg = Release|Any CPU
		{FD5708A5-6CDF-411E-94AC-CCC773883EEA}.Release|x86.Build.0 = Release|Any CPU
		{28C307D7-B150-4100-8121-2DF95F9B70C7}.Debug|Any CPU.ActiveCfg = Debug|Any CPU
		{28C307D7-B150-4100-8121-2DF95F9B70C7}.Debug|Any CPU.Build.0 = Debug|Any CPU
		{28C307D7-B150-4100-8121-2DF95F9B70C7}.Debug|x64.ActiveCfg = Debug|Any CPU
		{28C307D7-B150-4100-8121-2DF95F9B70C7}.Debug|x64.Build.0 = Debug|Any CPU
		{28C307D7-B150-4100-8121-2DF95F9B70C7}.Debug|x86.ActiveCfg = Debug|Any CPU
		{28C307D7-B150-4100-8121-2DF95F9B70C7}.Debug|x86.Build.0 = Debug|Any CPU
		{28C307D7-B150-4100-8121-2DF95F9B70C7}.Release|Any CPU.ActiveCfg = Release|Any CPU
		{28C307D7-B150-4100-8121-2DF95F9B70C7}.Release|Any CPU.Build.0 = Release|Any CPU
		{28C307D7-B150-4100-8121-2DF95F9B70C7}.Release|x64.ActiveCfg = Release|Any CPU
		{28C307D7-B150-4100-8121-2DF95F9B70C7}.Release|x64.Build.0 = Release|Any CPU
		{28C307D7-B150-4100-8121-2DF95F9B70C7}.Release|x86.ActiveCfg = Release|Any CPU
		{28C307D7-B150-4100-8121-2DF95F9B70C7}.Release|x86.Build.0 = Release|Any CPU
		{D923C0BC-3F5B-463E-836D-430314EB6BFB}.Debug|Any CPU.ActiveCfg = Debug|Any CPU
		{D923C0BC-3F5B-463E-836D-430314EB6BFB}.Debug|Any CPU.Build.0 = Debug|Any CPU
		{D923C0BC-3F5B-463E-836D-430314EB6BFB}.Debug|x64.ActiveCfg = Debug|Any CPU
		{D923C0BC-3F5B-463E-836D-430314EB6BFB}.Debug|x64.Build.0 = Debug|Any CPU
		{D923C0BC-3F5B-463E-836D-430314EB6BFB}.Debug|x86.ActiveCfg = Debug|Any CPU
		{D923C0BC-3F5B-463E-836D-430314EB6BFB}.Debug|x86.Build.0 = Debug|Any CPU
		{D923C0BC-3F5B-463E-836D-430314EB6BFB}.Release|Any CPU.ActiveCfg = Release|Any CPU
		{D923C0BC-3F5B-463E-836D-430314EB6BFB}.Release|Any CPU.Build.0 = Release|Any CPU
		{D923C0BC-3F5B-463E-836D-430314EB6BFB}.Release|x64.ActiveCfg = Release|Any CPU
		{D923C0BC-3F5B-463E-836D-430314EB6BFB}.Release|x64.Build.0 = Release|Any CPU
		{D923C0BC-3F5B-463E-836D-430314EB6BFB}.Release|x86.ActiveCfg = Release|Any CPU
		{D923C0BC-3F5B-463E-836D-430314EB6BFB}.Release|x86.Build.0 = Release|Any CPU
		{BC95FA81-5A53-4DA5-B5A9-9AECE881F9AF}.Debug|Any CPU.ActiveCfg = Debug|Any CPU
		{BC95FA81-5A53-4DA5-B5A9-9AECE881F9AF}.Debug|Any CPU.Build.0 = Debug|Any CPU
		{BC95FA81-5A53-4DA5-B5A9-9AECE881F9AF}.Debug|x64.ActiveCfg = Debug|Any CPU
		{BC95FA81-5A53-4DA5-B5A9-9AECE881F9AF}.Debug|x64.Build.0 = Debug|Any CPU
		{BC95FA81-5A53-4DA5-B5A9-9AECE881F9AF}.Debug|x86.ActiveCfg = Debug|Any CPU
		{BC95FA81-5A53-4DA5-B5A9-9AECE881F9AF}.Debug|x86.Build.0 = Debug|Any CPU
		{BC95FA81-5A53-4DA5-B5A9-9AECE881F9AF}.Release|Any CPU.ActiveCfg = Release|Any CPU
		{BC95FA81-5A53-4DA5-B5A9-9AECE881F9AF}.Release|Any CPU.Build.0 = Release|Any CPU
		{BC95FA81-5A53-4DA5-B5A9-9AECE881F9AF}.Release|x64.ActiveCfg = Release|Any CPU
		{BC95FA81-5A53-4DA5-B5A9-9AECE881F9AF}.Release|x64.Build.0 = Release|Any CPU
		{BC95FA81-5A53-4DA5-B5A9-9AECE881F9AF}.Release|x86.ActiveCfg = Release|Any CPU
		{BC95FA81-5A53-4DA5-B5A9-9AECE881F9AF}.Release|x86.Build.0 = Release|Any CPU
		{24995F8D-5E4F-4B74-BEB3-D11AB2266875}.Debug|Any CPU.ActiveCfg = Debug|Any CPU
		{24995F8D-5E4F-4B74-BEB3-D11AB2266875}.Debug|Any CPU.Build.0 = Debug|Any CPU
		{24995F8D-5E4F-4B74-BEB3-D11AB2266875}.Debug|x64.ActiveCfg = Debug|Any CPU
		{24995F8D-5E4F-4B74-BEB3-D11AB2266875}.Debug|x64.Build.0 = Debug|Any CPU
		{24995F8D-5E4F-4B74-BEB3-D11AB2266875}.Debug|x86.ActiveCfg = Debug|Any CPU
		{24995F8D-5E4F-4B74-BEB3-D11AB2266875}.Debug|x86.Build.0 = Debug|Any CPU
		{24995F8D-5E4F-4B74-BEB3-D11AB2266875}.Release|Any CPU.ActiveCfg = Release|Any CPU
		{24995F8D-5E4F-4B74-BEB3-D11AB2266875}.Release|Any CPU.Build.0 = Release|Any CPU
		{24995F8D-5E4F-4B74-BEB3-D11AB2266875}.Release|x64.ActiveCfg = Release|Any CPU
		{24995F8D-5E4F-4B74-BEB3-D11AB2266875}.Release|x64.Build.0 = Release|Any CPU
		{24995F8D-5E4F-4B74-BEB3-D11AB2266875}.Release|x86.ActiveCfg = Release|Any CPU
		{24995F8D-5E4F-4B74-BEB3-D11AB2266875}.Release|x86.Build.0 = Release|Any CPU
		{1A33758D-9B24-4014-98A2-1704E553A1C9}.Debug|Any CPU.ActiveCfg = Debug|Any CPU
		{1A33758D-9B24-4014-98A2-1704E553A1C9}.Debug|Any CPU.Build.0 = Debug|Any CPU
		{1A33758D-9B24-4014-98A2-1704E553A1C9}.Debug|x64.ActiveCfg = Debug|Any CPU
		{1A33758D-9B24-4014-98A2-1704E553A1C9}.Debug|x64.Build.0 = Debug|Any CPU
		{1A33758D-9B24-4014-98A2-1704E553A1C9}.Debug|x86.ActiveCfg = Debug|Any CPU
		{1A33758D-9B24-4014-98A2-1704E553A1C9}.Debug|x86.Build.0 = Debug|Any CPU
		{1A33758D-9B24-4014-98A2-1704E553A1C9}.Release|Any CPU.ActiveCfg = Release|Any CPU
		{1A33758D-9B24-4014-98A2-1704E553A1C9}.Release|Any CPU.Build.0 = Release|Any CPU
		{1A33758D-9B24-4014-98A2-1704E553A1C9}.Release|x64.ActiveCfg = Release|Any CPU
		{1A33758D-9B24-4014-98A2-1704E553A1C9}.Release|x64.Build.0 = Release|Any CPU
		{1A33758D-9B24-4014-98A2-1704E553A1C9}.Release|x86.ActiveCfg = Release|Any CPU
		{1A33758D-9B24-4014-98A2-1704E553A1C9}.Release|x86.Build.0 = Release|Any CPU
	EndGlobalSection
	GlobalSection(SolutionProperties) = preSolution
		HideSolutionNode = FALSE
	EndGlobalSection
	GlobalSection(NestedProjects) = preSolution
		{FD5708A5-6CDF-411E-94AC-CCC773883EEA} = {E46AA4D7-736B-46D2-80BA-30A5A6FB2FD0}
		{28C307D7-B150-4100-8121-2DF95F9B70C7} = {3C4D2817-BEF8-410D-89F4-DE685E1DB3D0}
		{D923C0BC-3F5B-463E-836D-430314EB6BFB} = {E46AA4D7-736B-46D2-80BA-30A5A6FB2FD0}
		{BC95FA81-5A53-4DA5-B5A9-9AECE881F9AF} = {3C4D2817-BEF8-410D-89F4-DE685E1DB3D0}
		{24995F8D-5E4F-4B74-BEB3-D11AB2266875} = {E46AA4D7-736B-46D2-80BA-30A5A6FB2FD0}
		{1A33758D-9B24-4014-98A2-1704E553A1C9} = {3C4D2817-BEF8-410D-89F4-DE685E1DB3D0}
	EndGlobalSection
	GlobalSection(ExtensibilityGlobals) = postSolution
		SolutionGuid = {734C5F7F-BA19-499C-B9F5-2C3E206557BC}
	EndGlobalSection
EndGlobal
